
Microsoft Visual Studio Solution File, Format Version 12.00
# Visual Studio Version 17
VisualStudioVersion = 17.6.33815.320
MinimumVisualStudioVersion = 10.0.40219.1
Project("{F184B08F-C81C-45F6-A57F-5ABD9991F28F}") = "challengeS4EAPI", "challengeS4EAPI.vbproj", "{D6F483D1-1A03-408A-A0FD-2BC1F4ABA49B}"
EndProject
Global
	GlobalSection(SolutionConfigurationPlatforms) = preSolution
		Debug|Any CPU = Debug|Any CPU
		Release|Any CPU = Release|Any CPU
	EndGlobalSection
	GlobalSection(ProjectConfigurationPlatforms) = postSolution
		{D6F483D1-1A03-408A-A0FD-2BC1F4ABA49B}.Debug|Any CPU.ActiveCfg = Debug|Any CPU
		{D6F483D1-1A03-408A-A0FD-2BC1F4ABA49B}.Debug|Any CPU.Build.0 = Debug|Any CPU
		{D6F483D1-1A03-408A-A0FD-2BC1F4ABA49B}.Release|Any CPU.ActiveCfg = Release|Any CPU
		{D6F483D1-1A03-408A-A0FD-2BC1F4ABA49B}.Release|Any CPU.Build.0 = Release|Any CPU
	EndGlobalSection
	GlobalSection(SolutionProperties) = preSolution
		HideSolutionNode = FALSE
	EndGlobalSection
	GlobalSection(ExtensibilityGlobals) = postSolution
		SolutionGuid = {11EC3636-10E4-4E8C-9F07-94500BA25C72}
	EndGlobalSection
EndGlobal
